{
  "version": 4,
  "terraform_version": "1.6.4",
  "serial": 445,
  "lineage": "3c33643d-e21c-cd1a-09d0-5bdc19977ecc",
  "outputs": {},
  "resources": [
    {
      "mode": "managed",
      "type": "google_compute_instance",
      "name": "my_instance",
      "provider": "provider[\"registry.terraform.io/hashicorp/google\"]",
      "instances": [
        {
          "schema_version": 6,
          "attributes": {
            "advanced_machine_features": [],
            "allow_stopping_for_update": true,
            "attached_disk": [],
            "boot_disk": [
              {
                "auto_delete": true,
                "device_name": "persistent-disk-0",
                "disk_encryption_key_raw": "",
                "disk_encryption_key_sha256": "",
                "initialize_params": [
                  {
                    "image": "https://www.googleapis.com/compute/v1/projects/windows-cloud/global/images/windows-server-2019-dc-v20221214",
                    "labels": {},
                    "resource_manager_tags": null,
                    "size": 50,
                    "type": "pd-standard"
                  }
                ],
                "kms_key_self_link": "",
                "mode": "READ_WRITE",
                "source": "https://www.googleapis.com/compute/v1/projects/emea-tac-cloud-and-compute/zones/us-central1-a/disks/kuba-defender-windows"
              }
            ],
            "can_ip_forward": false,
            "confidential_instance_config": [],
            "cpu_platform": "AMD Rome",
            "current_status": "RUNNING",
            "deletion_protection": false,
            "description": "",
            "desired_status": null,
            "effective_labels": {},
            "enable_display": false,
            "guest_accelerator": [],
            "hostname": "",
            "id": "projects/emea-tac-cloud-and-compute/zones/us-central1-a/instances/kuba-defender-windows",
            "instance_id": "2702635618988408258",
            "label_fingerprint": "42WmSpB8rSM=",
            "labels": null,
            "machine_type": "e2-medium",
            "metadata": {
              "windows-startup-script-ps1": "$parameters = @{\n  Uri = \"https://europe-west3.cloud.twistlock.com/eu-2-143570911/api/v1/scripts/defender.ps1\"\n  Method = \"Post\"\n  Headers = @{\n    \"authorization\" = \"Bearer eyJhbGciOiJIUzI1NiIsInR5cCI6IkpXVCJ9.eyJ1c2VyIjoianRhcm5hc0BwYWxvYWx0b25ldHdvcmtzLmNvbSIsInJvbGUiOiJhZG1pbiIsInJvbGVQZXJtcyI6W1syNTUsMjU1LDI1NSwyNTUsMjU1LDEyNywxXSxbMjU1LDI1NSwyNTUsMjU1LDI1NSwxMjcsMV1dLCJzZXNzaW9uVGltZW91dFNlYyI6NjAwLCJzYWFzVG9rZW4iOiJleUpoYkdjaU9pSklVekkxTmlKOS5leUp6ZFdJaU9pSnFkR0Z5Ym1GelFIQmhiRzloYkhSdmJtVjBkMjl5YTNNdVkyOXRJaXdpYzJWeWRtbGpaVlZ6WVdkbFQyNXNlU0k2ZEhKMVpTd2labWx5YzNSTWIyZHBiaUk2Wm1Gc2MyVXNJbkJ5YVhOdFlVbGtJam9pTVRBek56TTVNRGczTmprek5qQTJOREF3TUNJc0ltbHdRV1JrY21WemN5STZJak0wTGpFd055NDVNUzR4TURVaUxDSnBjM01pT2lKb2RIUndjem92TDJGd2FUSXVaWFV1Y0hKcGMyMWhZMnh2ZFdRdWFXOGlMQ0p5WlhOMGNtbGpkQ0k2TUN3aWRYTmxjbEp2YkdWVWVYQmxSR1YwWVdsc2N5STZleUpvWVhOUGJteDVVbVZoWkVGalkyVnpjeUk2Wm1Gc2MyVjlMQ0oxYzJWeVVtOXNaVlI1Y0dWT1lXMWxJam9pVTNsemRHVnRJRUZrYldsdUlpd2lhWE5UVTA5VFpYTnphVzl1SWpwbVlXeHpaU3dpYkdGemRFeHZaMmx1VkdsdFpTSTZNVGN3TmpFNU5qazRPVFEwTnl3aVlYVmtJam9pYUhSMGNITTZMeTloY0dreUxtVjFMbkJ5YVhOdFlXTnNiM1ZrTG1sdklpd2lkWE5sY2xKdmJHVlVlWEJsU1dRaU9qRXNJbUYxZEdndGJXVjBhRzlrSWpvaVVFRlRVMWRQVWtRaUxDSnpaV3hsWTNSbFpFTjFjM1J2YldWeVRtRnRaU0k2SWxCaGJHOGdRV3gwYnlCT1pYUjNiM0pyY3lBb1ZFVlRWQ0JCUTBOVUtTQXRJREUxTnpnME9ERXhNVGsxTlRJeE1qZzJPVEFpTENKelpYTnphVzl1VkdsdFpXOTFkQ0k2TXpBd0xDSjFjMlZ5VW05c1pVbGtJam9pTm1ZME5UaGlNRGd0TkdVME5pMDBZMkkyTFdGaVptVXRZemxpTVRGak4yRXhNakUxSWl3aWFHRnpSR1ZtWlc1a1pYSlFaWEp0YVhOemFXOXVjeUk2ZEhKMVpTd2laWGh3SWpveE56QTJNVGs0TVRrMExDSnBZWFFpT2pFM01EWXhPVGMxT1RRc0luVnpaWEp1WVcxbElqb2lhblJoY201aGMwQndZV3h2WVd4MGIyNWxkSGR2Y210ekxtTnZiU0lzSW5WelpYSlNiMnhsVG1GdFpTSTZJbE41YzNSbGJTQkJaRzFwYmlKOS5pZmxOLU54LUVoRFhMbW9fY2lEcENfTXFpa1pILTdPU2lsVEp6VUY3YTlBIiwiaXNzIjoidHdpc3Rsb2NrIiwiZXhwIjoxNzA2MjAxMTk0fQ.QMXSJ3i9fMxwL5TxaROwR_oVx8rPjG4ZnR3w-cwjiz8\"\n  }\n  OutFile = \"defender.ps1\"\n}\n[Net.ServicePointManager]::SecurityProtocol = [Net.SecurityProtocolType]::Tls12\nInvoke-WebRequest @parameters\n.\\defender.ps1 -type serverWindows -consoleCN europe-west3.cloud.twistlock.com -install -v \n"
            },
            "metadata_fingerprint": "AwXF2GfoFvE=",
            "metadata_startup_script": null,
            "min_cpu_platform": "",
            "name": "kuba-defender-windows",
            "network_interface": [
              {
                "access_config": [
                  {
                    "nat_ip": "35.184.207.6",
                    "network_tier": "PREMIUM",
                    "public_ptr_domain_name": ""
                  }
                ],
                "alias_ip_range": [],
                "internal_ipv6_prefix_length": 0,
                "ipv6_access_config": [],
                "ipv6_access_type": "",
                "ipv6_address": "",
                "name": "nic0",
                "network": "https://www.googleapis.com/compute/v1/projects/emea-tac-cloud-and-compute/global/networks/default",
                "network_ip": "10.128.0.36",
                "nic_type": "",
                "queue_count": 0,
                "stack_type": "IPV4_ONLY",
                "subnetwork": "https://www.googleapis.com/compute/v1/projects/emea-tac-cloud-and-compute/regions/us-central1/subnetworks/default",
                "subnetwork_project": "emea-tac-cloud-and-compute"
              }
            ],
            "network_performance_config": [],
            "params": [],
            "project": "emea-tac-cloud-and-compute",
            "reservation_affinity": [],
            "resource_policies": null,
            "scheduling": [
              {
                "automatic_restart": true,
                "instance_termination_action": "",
                "local_ssd_recovery_timeout": [],
                "min_node_cpus": 0,
                "node_affinities": [],
                "on_host_maintenance": "MIGRATE",
                "preemptible": false,
                "provisioning_model": "STANDARD"
              }
            ],
            "scratch_disk": [],
            "self_link": "https://www.googleapis.com/compute/v1/projects/emea-tac-cloud-and-compute/zones/us-central1-a/instances/kuba-defender-windows",
            "service_account": [],
            "shielded_instance_config": [
              {
                "enable_integrity_monitoring": true,
                "enable_secure_boot": false,
                "enable_vtpm": true
              }
            ],
            "tags": null,
            "tags_fingerprint": "42WmSpB8rSM=",
            "terraform_labels": {},
            "timeouts": null,
            "zone": "us-central1-a"
          },
          "sensitive_attributes": [
            [
              {
                "type": "get_attr",
                "value": "metadata"
              },
              {
                "type": "index",
                "value": {
                  "value": "windows-startup-script-ps1",
                  "type": "string"
                }
              }
            ]
          ],
          "private": "eyJlMmJmYjczMC1lY2FhLTExZTYtOGY4OC0zNDM2M2JjN2M0YzAiOnsiY3JlYXRlIjoxMjAwMDAwMDAwMDAwLCJkZWxldGUiOjEyMDAwMDAwMDAwMDAsInVwZGF0ZSI6MTIwMDAwMDAwMDAwMH0sInNjaGVtYV92ZXJzaW9uIjoiNiJ9"
        }
      ]
    }
  ],
  "check_results": null
}
